
Microsoft Visual Studio Solution File, Format Version 12.00
# Visual Studio Version 17
VisualStudioVersion = 17.10.35122.118
MinimumVisualStudioVersion = 10.0.40219.1
Project("{FAE04EC0-301F-11D3-BF4B-00C04F79EFBC}") = "Collections-hw", "Collections-hw\Collections-hw.csproj", "{BAC6C700-23F3-45B5-9238-605E5A675864}"
EndProject
Global
	GlobalSection(SolutionConfigurationPlatforms) = preSolution
		Debug|Any CPU = Debug|Any CPU
		Release|Any CPU = Release|Any CPU
	EndGlobalSection
	GlobalSection(ProjectConfigurationPlatforms) = postSolution
		{BAC6C700-23F3-45B5-9238-605E5A675864}.Debug|Any CPU.ActiveCfg = Debug|Any CPU
		{BAC6C700-23F3-45B5-9238-605E5A675864}.Debug|Any CPU.Build.0 = Debug|Any CPU
		{BAC6C700-23F3-45B5-9238-605E5A675864}.Release|Any CPU.ActiveCfg = Release|Any CPU
		{BAC6C700-23F3-45B5-9238-605E5A675864}.Release|Any CPU.Build.0 = Release|Any CPU
	EndGlobalSection
	GlobalSection(SolutionProperties) = preSolution
		HideSolutionNode = FALSE
	EndGlobalSection
	GlobalSection(ExtensibilityGlobals) = postSolution
		SolutionGuid = {3D56F9A7-8E48-46AB-8CD6-0264733324FB}
	EndGlobalSection
EndGlobal
